{
  "lockfile_version": "1",
  "packages": {
    "go@1.24.4": {
      "last_modified": "2025-06-20T02:24:11Z",
      "resolved": "github:NixOS/nixpkgs/076e8c6678d8c54204abcb4b1b14c366835a58bb#go",
      "source": "devbox-search",
      "version": "1.24.4",
      "systems": {
        "aarch64-darwin": {
          "outputs": [
            {
              "name": "out",
              "path": "/nix/store/rq7irijkj3nhapmjcv9d96xgkisj55x2-go-1.24.4",
              "default": true
            }
          ],
          "store_path": "/nix/store/rq7irijkj3nhapmjcv9d96xgkisj55x2-go-1.24.4"
        },
        "aarch64-linux": {
          "outputs": [
            {
              "name": "out",
              "path": "/nix/store/9f64p4ip4iz2nba4wyhn1baq6b6pb6ss-go-1.24.4",
              "default": true
            }
          ],
          "store_path": "/nix/store/9f64p4ip4iz2nba4wyhn1baq6b6pb6ss-go-1.24.4"
        },
        "x86_64-darwin": {
          "outputs": [
            {
              "name": "out",
              "path": "/nix/store/n0gqcdpdk0ap2ikasi36r0szwpk2g35q-go-1.24.4",
              "default": true
            }
          ],
          "store_path": "/nix/store/n0gqcdpdk0ap2ikasi36r0szwpk2g35q-go-1.24.4"
        },
        "x86_64-linux": {
          "outputs": [
            {
              "name": "out",
              "path": "/nix/store/mdn9hnvf0qmxywbrpbywmxww2adxdn5v-go-1.24.4",
              "default": true
            }
          ],
          "store_path": "/nix/store/mdn9hnvf0qmxywbrpbywmxww2adxdn5v-go-1.24.4"
        }
      }
    },
    "gocover-cobertura@1.3.0": {
      "last_modified": "2025-06-20T02:24:11Z",
      "resolved": "github:NixOS/nixpkgs/076e8c6678d8c54204abcb4b1b14c366835a58bb#gocover-cobertura",
      "source": "devbox-search",
      "version": "1.3.0",
      "systems": {
        "aarch64-darwin": {
          "outputs": [
            {
              "name": "out",
              "path": "/nix/store/x3kappmx88f7xrmsjbhcp52bbgym2mxk-gocover-cobertura-1.3.0",
              "default": true
            }
          ],
          "store_path": "/nix/store/x3kappmx88f7xrmsjbhcp52bbgym2mxk-gocover-cobertura-1.3.0"
        },
        "aarch64-linux": {
          "outputs": [
            {
              "name": "out",
              "path": "/nix/store/bkjrj85i5mfs1wqxprq5fdckga7974lp-gocover-cobertura-1.3.0",
              "default": true
            }
          ],
          "store_path": "/nix/store/bkjrj85i5mfs1wqxprq5fdckga7974lp-gocover-cobertura-1.3.0"
        },
        "x86_64-darwin": {
          "outputs": [
            {
              "name": "out",
              "path": "/nix/store/b34a3dpyi8i71xk8hfkf9l9l20i8ijng-gocover-cobertura-1.3.0",
              "default": true
            }
          ],
          "store_path": "/nix/store/b34a3dpyi8i71xk8hfkf9l9l20i8ijng-gocover-cobertura-1.3.0"
        },
        "x86_64-linux": {
          "outputs": [
            {
              "name": "out",
              "path": "/nix/store/y1mvv56rs8rz6x6d3q718fyqan9jd9si-gocover-cobertura-1.3.0",
              "default": true
            }
          ],
          "store_path": "/nix/store/y1mvv56rs8rz6x6d3q718fyqan9jd9si-gocover-cobertura-1.3.0"
        }
      }
    },
    "gotestsum@latest": {
      "last_modified": "2024-12-23T21:10:33Z",
      "resolved": "github:NixOS/nixpkgs/de1864217bfa9b5845f465e771e0ecb48b30e02d#gotestsum",
      "source": "devbox-search",
      "version": "1.12.0-unstable-2024-09-17",
      "systems": {
        "aarch64-darwin": {
          "outputs": [
            {
              "name": "out",
              "path": "/nix/store/bpy24zqs9jff0890chlw2q7cpayp83qi-gotestsum-1.12.0-unstable-2024-09-17",
              "default": true
            }
          ],
          "store_path": "/nix/store/bpy24zqs9jff0890chlw2q7cpayp83qi-gotestsum-1.12.0-unstable-2024-09-17"
        },
        "aarch64-linux": {
          "outputs": [
            {
              "name": "out",
              "path": "/nix/store/p65z1bb2fjb9l8qvrz7vxnpbz6h7bc9y-gotestsum-1.12.0-unstable-2024-09-17",
              "default": true
            }
          ],
          "store_path": "/nix/store/p65z1bb2fjb9l8qvrz7vxnpbz6h7bc9y-gotestsum-1.12.0-unstable-2024-09-17"
        },
        "x86_64-darwin": {
          "outputs": [
            {
              "name": "out",
              "path": "/nix/store/cpvim37q3sxbvfi8fiskd3fi4zw2iwb8-gotestsum-1.12.0-unstable-2024-09-17",
              "default": true
            }
          ],
          "store_path": "/nix/store/cpvim37q3sxbvfi8fiskd3fi4zw2iwb8-gotestsum-1.12.0-unstable-2024-09-17"
        },
        "x86_64-linux": {
          "outputs": [
            {
              "name": "out",
              "path": "/nix/store/lw5qynmh9qxvbdq1xaa3lms77fdxzjzd-gotestsum-1.12.0-unstable-2024-09-17",
              "default": true
            }
          ],
          "store_path": "/nix/store/lw5qynmh9qxvbdq1xaa3lms77fdxzjzd-gotestsum-1.12.0-unstable-2024-09-17"
        }
      }
    }
  }
}
