{
  "lockfile_version": "1",
  "packages": {
    "go@1.24.4": {
      "last_modified": "2025-06-20T02:24:11Z",
      "resolved": "github:NixOS/nixpkgs/076e8c6678d8c54204abcb4b1b14c366835a58bb#go",
      "source": "devbox-search",
      "version": "1.24.4",
      "systems": {
        "aarch64-darwin": {
          "outputs": [
            {
              "name": "out",
              "path": "/nix/store/rq7irijkj3nhapmjcv9d96xgkisj55x2-go-1.24.4",
              "default": true
            }
          ],
          "store_path": "/nix/store/rq7irijkj3nhapmjcv9d96xgkisj55x2-go-1.24.4"
        },
        "aarch64-linux": {
          "outputs": [
            {
              "name": "out",
              "path": "/nix/store/9f64p4ip4iz2nba4wyhn1baq6b6pb6ss-go-1.24.4",
              "default": true
            }
          ],
          "store_path": "/nix/store/9f64p4ip4iz2nba4wyhn1baq6b6pb6ss-go-1.24.4"
        },
        "x86_64-darwin": {
          "outputs": [
            {
              "name": "out",
              "path": "/nix/store/n0gqcdpdk0ap2ikasi36r0szwpk2g35q-go-1.24.4",
              "default": true
            }
          ],
          "store_path": "/nix/store/n0gqcdpdk0ap2ikasi36r0szwpk2g35q-go-1.24.4"
        },
        "x86_64-linux": {
          "outputs": [
            {
              "name": "out",
              "path": "/nix/store/mdn9hnvf0qmxywbrpbywmxww2adxdn5v-go-1.24.4",
              "default": true
            }
          ],
          "store_path": "/nix/store/mdn9hnvf0qmxywbrpbywmxww2adxdn5v-go-1.24.4"
        }
      }
    },
    "gocover-cobertura@latest": {
      "last_modified": "2024-12-23T21:10:33Z",
      "resolved": "github:NixOS/nixpkgs/de1864217bfa9b5845f465e771e0ecb48b30e02d#gocover-cobertura",
      "source": "devbox-search",
      "version": "1.2.0",
      "systems": {
        "aarch64-darwin": {
          "outputs": [
            {
              "name": "out",
              "path": "/nix/store/wk0pgvz193r3lcyjj9k46xq076dkq91q-gocover-cobertura-1.2.0",
              "default": true
            }
          ],
          "store_path": "/nix/store/wk0pgvz193r3lcyjj9k46xq076dkq91q-gocover-cobertura-1.2.0"
        },
        "aarch64-linux": {
          "outputs": [
            {
              "name": "out",
              "path": "/nix/store/zjsnk0gkniii47nprjfm94g29g2mca7k-gocover-cobertura-1.2.0",
              "default": true
            }
          ],
          "store_path": "/nix/store/zjsnk0gkniii47nprjfm94g29g2mca7k-gocover-cobertura-1.2.0"
        },
        "x86_64-darwin": {
          "outputs": [
            {
              "name": "out",
              "path": "/nix/store/llsi9c1wdxxnhygsk1z7550nykb0mr9x-gocover-cobertura-1.2.0",
              "default": true
            }
          ],
          "store_path": "/nix/store/llsi9c1wdxxnhygsk1z7550nykb0mr9x-gocover-cobertura-1.2.0"
        },
        "x86_64-linux": {
          "outputs": [
            {
              "name": "out",
              "path": "/nix/store/6bfqrij8w3nvn6xz4n75v3rld75w0zw5-gocover-cobertura-1.2.0",
              "default": true
            }
          ],
          "store_path": "/nix/store/6bfqrij8w3nvn6xz4n75v3rld75w0zw5-gocover-cobertura-1.2.0"
        }
      }
    },
    "gotestsum@1.12.3": {
      "last_modified": "2025-06-20T02:24:11Z",
      "resolved": "github:NixOS/nixpkgs/076e8c6678d8c54204abcb4b1b14c366835a58bb#gotestsum",
      "source": "devbox-search",
      "version": "1.12.3",
      "systems": {
        "aarch64-darwin": {
          "outputs": [
            {
              "name": "out",
              "path": "/nix/store/pqm6djsmmkdxi7jm8pf7yz75wzyb5zls-gotestsum-1.12.3",
              "default": true
            }
          ],
          "store_path": "/nix/store/pqm6djsmmkdxi7jm8pf7yz75wzyb5zls-gotestsum-1.12.3"
        },
        "aarch64-linux": {
          "outputs": [
            {
              "name": "out",
              "path": "/nix/store/8qwq3lkc672sdzxlkyjmd3wdnysnivdy-gotestsum-1.12.3",
              "default": true
            }
          ],
          "store_path": "/nix/store/8qwq3lkc672sdzxlkyjmd3wdnysnivdy-gotestsum-1.12.3"
        },
        "x86_64-darwin": {
          "outputs": [
            {
              "name": "out",
              "path": "/nix/store/dvb1nz35abv2syqvyhymj7rk4xww9i5q-gotestsum-1.12.3",
              "default": true
            }
          ],
          "store_path": "/nix/store/dvb1nz35abv2syqvyhymj7rk4xww9i5q-gotestsum-1.12.3"
        },
        "x86_64-linux": {
          "outputs": [
            {
              "name": "out",
              "path": "/nix/store/m0k0d8bn5qv09wb4fgz7783hm2nw5daq-gotestsum-1.12.3",
              "default": true
            }
          ],
          "store_path": "/nix/store/m0k0d8bn5qv09wb4fgz7783hm2nw5daq-gotestsum-1.12.3"
        }
      }
    }
  }
}
